
Microsoft Visual Studio Solution File, Format Version 12.00
# Visual Studio Version 17
VisualStudioVersion = 17.3.32825.248
MinimumVisualStudioVersion = 10.0.40219.1
Project("{FAE04EC0-301F-11D3-BF4B-00C04F79EFBC}") = "DiscordRamLimit", "DiscordRamLimit\DiscordRamLimit.csproj", "{F93E1ECB-ED0E-409B-BF8E-859E7713D068}"
EndProject
Global
	GlobalSection(SolutionConfigurationPlatforms) = preSolution
		Debug|Any CPU = Debug|Any CPU
		Release|Any CPU = Release|Any CPU
	EndGlobalSection
	GlobalSection(ProjectConfigurationPlatforms) = postSolution
		{F93E1ECB-ED0E-409B-BF8E-859E7713D068}.Debug|Any CPU.ActiveCfg = Debug|Any CPU
		{F93E1ECB-ED0E-409B-BF8E-859E7713D068}.Debug|Any CPU.Build.0 = Debug|Any CPU
		{F93E1ECB-ED0E-409B-BF8E-859E7713D068}.Release|Any CPU.ActiveCfg = Release|Any CPU
		{F93E1ECB-ED0E-409B-BF8E-859E7713D068}.Release|Any CPU.Build.0 = Release|Any CPU
	EndGlobalSection
	GlobalSection(SolutionProperties) = preSolution
		HideSolutionNode = FALSE
	EndGlobalSection
	GlobalSection(ExtensibilityGlobals) = postSolution
		SolutionGuid = {A0980B4A-7EA9-44F7-B9FC-0A87557EEE07}
	EndGlobalSection
EndGlobal
